// !$*UTF8*$!
{
	archiveVersion = 1;
	classes = {
	};
	objectVersion = 70;
	objects = {

/* Begin PBXBuildFile section */
		BD0F47332C73474B007B8F0B /* MapAppApp.swift in Sources */ = {isa = PBXBuildFile; fileRef = BD0F47322C73474B007B8F0B /* MapAppApp.swift */; };
		BD0F473A2C73474C007B8F0B /* Preview Assets.xcassets in Resources */ = {isa = PBXBuildFile; fileRef = BD0F47392C73474C007B8F0B /* Preview Assets.xcassets */; };
		BD0F47412C734803007B8F0B /* Assets.xcassets in Resources */ = {isa = PBXBuildFile; fileRef = BD0F47402C734802007B8F0B /* Assets.xcassets */; };
		BD0F474B2C735022007B8F0B /* LocationsView.swift in Sources */ = {isa = PBXBuildFile; fileRef = BD0F474A2C735022007B8F0B /* LocationsView.swift */; };
		BD0F474D2C735229007B8F0B /* LocationsViewModel.swift in Sources */ = {isa = PBXBuildFile; fileRef = BD0F474C2C735229007B8F0B /* LocationsViewModel.swift */; };
		BD0F474F2C7364EE007B8F0B /* LocationsListView.swift in Sources */ = {isa = PBXBuildFile; fileRef = BD0F474E2C7364EE007B8F0B /* LocationsListView.swift */; };
		BD0F47512C74A3F6007B8F0B /* LocationPreviewView.swift in Sources */ = {isa = PBXBuildFile; fileRef = BD0F47502C74A3F6007B8F0B /* LocationPreviewView.swift */; };
		BD0F47532C74AED8007B8F0B /* LocationMapAnnotationView.swift in Sources */ = {isa = PBXBuildFile; fileRef = BD0F47522C74AED8007B8F0B /* LocationMapAnnotationView.swift */; };
		BDD8FDAB2C750444000DCD1A /* LocationDetailView.swift in Sources */ = {isa = PBXBuildFile; fileRef = BDD8FDAA2C750444000DCD1A /* LocationDetailView.swift */; };
		FC4FE3162DC3A2E3004DE234 /* Alamofire in Frameworks */ = {isa = PBXBuildFile; productRef = FC4FE3152DC3A2E3004DE234 /* Alamofire */; };
		FC8306362DDB0BA700139A70 /* LocationsServiceImplementation in Frameworks */ = {isa = PBXBuildFile; productRef = FC8306352DDB0BA700139A70 /* LocationsServiceImplementation */; };
		FC8306382DDB0BAA00139A70 /* LocationsServiceInterface in Frameworks */ = {isa = PBXBuildFile; productRef = FC8306372DDB0BAA00139A70 /* LocationsServiceInterface */; };
/* End PBXBuildFile section */

/* Begin PBXContainerItemProxy section */
		FC5B5D452DC4CE8D00A26FFF /* PBXContainerItemProxy */ = {
			isa = PBXContainerItemProxy;
			containerPortal = BD0F47272C73474B007B8F0B /* Project object */;
			proxyType = 1;
			remoteGlobalIDString = BD0F472E2C73474B007B8F0B;
			remoteInfo = MapApp;
		};
/* End PBXContainerItemProxy section */

/* Begin PBXCopyFilesBuildPhase section */
		FC4FE31A2DC3AD99004DE234 /* Embed Frameworks */ = {
			isa = PBXCopyFilesBuildPhase;
			buildActionMask = 2147483647;
			dstPath = "";
			dstSubfolderSpec = 10;
			files = (
			);
			name = "Embed Frameworks";
			runOnlyForDeploymentPostprocessing = 0;
		};
/* End PBXCopyFilesBuildPhase section */

/* Begin PBXFileReference section */
		BD0F472F2C73474B007B8F0B /* MapApp.app */ = {isa = PBXFileReference; explicitFileType = wrapper.application; includeInIndex = 0; path = MapApp.app; sourceTree = BUILT_PRODUCTS_DIR; };
		BD0F47322C73474B007B8F0B /* MapAppApp.swift */ = {isa = PBXFileReference; lastKnownFileType = sourcecode.swift; path = MapAppApp.swift; sourceTree = "<group>"; };
		BD0F47392C73474C007B8F0B /* Preview Assets.xcassets */ = {isa = PBXFileReference; lastKnownFileType = folder.assetcatalog; path = "Preview Assets.xcassets"; sourceTree = "<group>"; };
		BD0F47402C734802007B8F0B /* Assets.xcassets */ = {isa = PBXFileReference; lastKnownFileType = folder.assetcatalog; path = Assets.xcassets; sourceTree = "<group>"; };
		BD0F474A2C735022007B8F0B /* LocationsView.swift */ = {isa = PBXFileReference; lastKnownFileType = sourcecode.swift; path = LocationsView.swift; sourceTree = "<group>"; };
		BD0F474C2C735229007B8F0B /* LocationsViewModel.swift */ = {isa = PBXFileReference; lastKnownFileType = sourcecode.swift; path = LocationsViewModel.swift; sourceTree = "<group>"; };
		BD0F474E2C7364EE007B8F0B /* LocationsListView.swift */ = {isa = PBXFileReference; lastKnownFileType = sourcecode.swift; path = LocationsListView.swift; sourceTree = "<group>"; };
		BD0F47502C74A3F6007B8F0B /* LocationPreviewView.swift */ = {isa = PBXFileReference; lastKnownFileType = sourcecode.swift; path = LocationPreviewView.swift; sourceTree = "<group>"; };
		BD0F47522C74AED8007B8F0B /* LocationMapAnnotationView.swift */ = {isa = PBXFileReference; lastKnownFileType = sourcecode.swift; path = LocationMapAnnotationView.swift; sourceTree = "<group>"; };
		BD6A88F72C7605CC00DD471C /* Info.plist */ = {isa = PBXFileReference; lastKnownFileType = text.plist.xml; path = Info.plist; sourceTree = "<group>"; };
		BDD8FDAA2C750444000DCD1A /* LocationDetailView.swift */ = {isa = PBXFileReference; lastKnownFileType = sourcecode.swift; path = LocationDetailView.swift; sourceTree = "<group>"; };
		FC5B5D412DC4CE8D00A26FFF /* MapAppTests.xctest */ = {isa = PBXFileReference; explicitFileType = wrapper.cfbundle; includeInIndex = 0; path = MapAppTests.xctest; sourceTree = BUILT_PRODUCTS_DIR; };
/* End PBXFileReference section */

/* Begin PBXFileSystemSynchronizedRootGroup section */
		FC5B5D422DC4CE8D00A26FFF /* MapAppTests */ = {isa = PBXFileSystemSynchronizedRootGroup; explicitFileTypes = {}; explicitFolders = (); path = MapAppTests; sourceTree = "<group>"; };
/* End PBXFileSystemSynchronizedRootGroup section */

/* Begin PBXFrameworksBuildPhase section */
		BD0F472C2C73474B007B8F0B /* Frameworks */ = {
			isa = PBXFrameworksBuildPhase;
			buildActionMask = 2147483647;
			files = (
				FC8306362DDB0BA700139A70 /* LocationsServiceImplementation in Frameworks */,
				FC4FE3162DC3A2E3004DE234 /* Alamofire in Frameworks */,
				FC8306382DDB0BAA00139A70 /* LocationsServiceInterface in Frameworks */,
			);
			runOnlyForDeploymentPostprocessing = 0;
		};
		FC5B5D3E2DC4CE8D00A26FFF /* Frameworks */ = {
			isa = PBXFrameworksBuildPhase;
			buildActionMask = 2147483647;
			files = (
			);
			runOnlyForDeploymentPostprocessing = 0;
		};
/* End PBXFrameworksBuildPhase section */

/* Begin PBXGroup section */
		BD0F47262C73474B007B8F0B = {
			isa = PBXGroup;
			children = (
				BD0F47312C73474B007B8F0B /* MapApp */,
				FC5B5D422DC4CE8D00A26FFF /* MapAppTests */,
				FC8306342DDB0BA700139A70 /* Frameworks */,
				BD0F47302C73474B007B8F0B /* Products */,
			);
			sourceTree = "<group>";
		};
		BD0F47302C73474B007B8F0B /* Products */ = {
			isa = PBXGroup;
			children = (
				BD0F472F2C73474B007B8F0B /* MapApp.app */,
				FC5B5D412DC4CE8D00A26FFF /* MapAppTests.xctest */,
			);
			name = Products;
			sourceTree = "<group>";
		};
		BD0F47312C73474B007B8F0B /* MapApp */ = {
			isa = PBXGroup;
			children = (
				BD6A88F72C7605CC00DD471C /* Info.plist */,
				BD0F47322C73474B007B8F0B /* MapAppApp.swift */,
				BD0F47422C734868007B8F0B /* Views */,
				BD0F47432C73486F007B8F0B /* ViewModels */,
				BD0F47382C73474C007B8F0B /* Preview Content */,
			);
			path = MapApp;
			sourceTree = "<group>";
		};
		BD0F47382C73474C007B8F0B /* Preview Content */ = {
			isa = PBXGroup;
			children = (
				BD0F47402C734802007B8F0B /* Assets.xcassets */,
				BD0F47392C73474C007B8F0B /* Preview Assets.xcassets */,
			);
			path = "Preview Content";
			sourceTree = "<group>";
		};
		BD0F47422C734868007B8F0B /* Views */ = {
			isa = PBXGroup;
			children = (
				BD0F474A2C735022007B8F0B /* LocationsView.swift */,
				BD0F474E2C7364EE007B8F0B /* LocationsListView.swift */,
				BD0F47502C74A3F6007B8F0B /* LocationPreviewView.swift */,
				BD0F47522C74AED8007B8F0B /* LocationMapAnnotationView.swift */,
				BDD8FDAA2C750444000DCD1A /* LocationDetailView.swift */,
			);
			path = Views;
			sourceTree = "<group>";
		};
		BD0F47432C73486F007B8F0B /* ViewModels */ = {
			isa = PBXGroup;
			children = (
				BD0F474C2C735229007B8F0B /* LocationsViewModel.swift */,
			);
			path = ViewModels;
			sourceTree = "<group>";
		};
		FC8306342DDB0BA700139A70 /* Frameworks */ = {
			isa = PBXGroup;
			children = (
			);
			name = Frameworks;
			sourceTree = "<group>";
		};
/* End PBXGroup section */

/* Begin PBXNativeTarget section */
		BD0F472E2C73474B007B8F0B /* MapApp */ = {
			isa = PBXNativeTarget;
			buildConfigurationList = BD0F473D2C73474C007B8F0B /* Build configuration list for PBXNativeTarget "MapApp" */;
			buildPhases = (
				BD0F472B2C73474B007B8F0B /* Sources */,
				BD0F472C2C73474B007B8F0B /* Frameworks */,
				BD0F472D2C73474B007B8F0B /* Resources */,
				FC4FE31A2DC3AD99004DE234 /* Embed Frameworks */,
			);
			buildRules = (
			);
			dependencies = (
			);
			name = MapApp;
			productName = MapApp;
			productReference = BD0F472F2C73474B007B8F0B /* MapApp.app */;
			productType = "com.apple.product-type.application";
		};
		FC5B5D402DC4CE8D00A26FFF /* MapAppTests */ = {
			isa = PBXNativeTarget;
			buildConfigurationList = FC5B5D472DC4CE8D00A26FFF /* Build configuration list for PBXNativeTarget "MapAppTests" */;
			buildPhases = (
				FC5B5D3D2DC4CE8D00A26FFF /* Sources */,
				FC5B5D3E2DC4CE8D00A26FFF /* Frameworks */,
				FC5B5D3F2DC4CE8D00A26FFF /* Resources */,
			);
			buildRules = (
			);
			dependencies = (
				FC5B5D462DC4CE8D00A26FFF /* PBXTargetDependency */,
			);
			fileSystemSynchronizedGroups = (
				FC5B5D422DC4CE8D00A26FFF /* MapAppTests */,
			);
			name = MapAppTests;
			packageProductDependencies = (
			);
			productName = MapAppTests;
			productReference = FC5B5D412DC4CE8D00A26FFF /* MapAppTests.xctest */;
			productType = "com.apple.product-type.bundle.unit-test";
		};
/* End PBXNativeTarget section */

/* Begin PBXProject section */
		BD0F47272C73474B007B8F0B /* Project object */ = {
			isa = PBXProject;
			attributes = {
				BuildIndependentTargetsInParallel = 1;
				LastSwiftUpdateCheck = 1620;
				LastUpgradeCheck = 1540;
				TargetAttributes = {
					BD0F472E2C73474B007B8F0B = {
						CreatedOnToolsVersion = 15.4;
					};
					FC5B5D402DC4CE8D00A26FFF = {
						CreatedOnToolsVersion = 16.2;
						TestTargetID = BD0F472E2C73474B007B8F0B;
					};
				};
			};
			buildConfigurationList = BD0F472A2C73474B007B8F0B /* Build configuration list for PBXProject "MapApp" */;
			compatibilityVersion = "Xcode 14.0";
			developmentRegion = en;
			hasScannedForEncodings = 0;
			knownRegions = (
				en,
				Base,
			);
			mainGroup = BD0F47262C73474B007B8F0B;
			packageReferences = (
				FC4FE3142DC3A2E3004DE234 /* XCRemoteSwiftPackageReference "Alamofire" */,
				FC4FE31C2DC49E7A004DE234 /* XCLocalSwiftPackageReference "../../Desktop/Projects/LocationsServiceKit" */,
			);
			productRefGroup = BD0F47302C73474B007B8F0B /* Products */;
			projectDirPath = "";
			projectRoot = "";
			targets = (
				BD0F472E2C73474B007B8F0B /* MapApp */,
				FC5B5D402DC4CE8D00A26FFF /* MapAppTests */,
			);
		};
/* End PBXProject section */

/* Begin PBXResourcesBuildPhase section */
		BD0F472D2C73474B007B8F0B /* Resources */ = {
			isa = PBXResourcesBuildPhase;
			buildActionMask = 2147483647;
			files = (
				BD0F47412C734803007B8F0B /* Assets.xcassets in Resources */,
				BD0F473A2C73474C007B8F0B /* Preview Assets.xcassets in Resources */,
			);
			runOnlyForDeploymentPostprocessing = 0;
		};
		FC5B5D3F2DC4CE8D00A26FFF /* Resources */ = {
			isa = PBXResourcesBuildPhase;
			buildActionMask = 2147483647;
			files = (
			);
			runOnlyForDeploymentPostprocessing = 0;
		};
/* End PBXResourcesBuildPhase section */

/* Begin PBXSourcesBuildPhase section */
		BD0F472B2C73474B007B8F0B /* Sources */ = {
			isa = PBXSourcesBuildPhase;
			buildActionMask = 2147483647;
			files = (
				BD0F47532C74AED8007B8F0B /* LocationMapAnnotationView.swift in Sources */,
				BD0F474F2C7364EE007B8F0B /* LocationsListView.swift in Sources */,
				BD0F47512C74A3F6007B8F0B /* LocationPreviewView.swift in Sources */,
				BD0F474D2C735229007B8F0B /* LocationsViewModel.swift in Sources */,
				BD0F47332C73474B007B8F0B /* MapAppApp.swift in Sources */,
				BDD8FDAB2C750444000DCD1A /* LocationDetailView.swift in Sources */,
				BD0F474B2C735022007B8F0B /* LocationsView.swift in Sources */,
			);
			runOnlyForDeploymentPostprocessing = 0;
		};
		FC5B5D3D2DC4CE8D00A26FFF /* Sources */ = {
			isa = PBXSourcesBuildPhase;
			buildActionMask = 2147483647;
			files = (
			);
			runOnlyForDeploymentPostprocessing = 0;
		};
/* End PBXSourcesBuildPhase section */

/* Begin PBXTargetDependency section */
		FC5B5D462DC4CE8D00A26FFF /* PBXTargetDependency */ = {
			isa = PBXTargetDependency;
			target = BD0F472E2C73474B007B8F0B /* MapApp */;
			targetProxy = FC5B5D452DC4CE8D00A26FFF /* PBXContainerItemProxy */;
		};
/* End PBXTargetDependency section */

/* Begin XCBuildConfiguration section */
		BD0F473B2C73474C007B8F0B /* Debug */ = {
			isa = XCBuildConfiguration;
			buildSettings = {
				ALWAYS_SEARCH_USER_PATHS = NO;
				ASSETCATALOG_COMPILER_GENERATE_SWIFT_ASSET_SYMBOL_EXTENSIONS = YES;
				CLANG_ANALYZER_NONNULL = YES;
				CLANG_ANALYZER_NUMBER_OBJECT_CONVERSION = YES_AGGRESSIVE;
				CLANG_CXX_LANGUAGE_STANDARD = "gnu++20";
				CLANG_ENABLE_MODULES = YES;
				CLANG_ENABLE_OBJC_ARC = YES;
				CLANG_ENABLE_OBJC_WEAK = YES;
				CLANG_WARN_BLOCK_CAPTURE_AUTORELEASING = YES;
				CLANG_WARN_BOOL_CONVERSION = YES;
				CLANG_WARN_COMMA = YES;
				CLANG_WARN_CONSTANT_CONVERSION = YES;
				CLANG_WARN_DEPRECATED_OBJC_IMPLEMENTATIONS = YES;
				CLANG_WARN_DIRECT_OBJC_ISA_USAGE = YES_ERROR;
				CLANG_WARN_DOCUMENTATION_COMMENTS = YES;
				CLANG_WARN_EMPTY_BODY = YES;
				CLANG_WARN_ENUM_CONVERSION = YES;
				CLANG_WARN_INFINITE_RECURSION = YES;
				CLANG_WARN_INT_CONVERSION = YES;
				CLANG_WARN_NON_LITERAL_NULL_CONVERSION = YES;
				CLANG_WARN_OBJC_IMPLICIT_RETAIN_SELF = YES;
				CLANG_WARN_OBJC_LITERAL_CONVERSION = YES;
				CLANG_WARN_OBJC_ROOT_CLASS = YES_ERROR;
				CLANG_WARN_QUOTED_INCLUDE_IN_FRAMEWORK_HEADER = YES;
				CLANG_WARN_RANGE_LOOP_ANALYSIS = YES;
				CLANG_WARN_STRICT_PROTOTYPES = YES;
				CLANG_WARN_SUSPICIOUS_MOVE = YES;
				CLANG_WARN_UNGUARDED_AVAILABILITY = YES_AGGRESSIVE;
				CLANG_WARN_UNREACHABLE_CODE = YES;
				CLANG_WARN__DUPLICATE_METHOD_MATCH = YES;
				COPY_PHASE_STRIP = NO;
				DEBUG_INFORMATION_FORMAT = dwarf;
				ENABLE_STRICT_OBJC_MSGSEND = YES;
				ENABLE_TESTABILITY = YES;
				ENABLE_USER_SCRIPT_SANDBOXING = YES;
				GCC_C_LANGUAGE_STANDARD = gnu17;
				GCC_DYNAMIC_NO_PIC = NO;
				GCC_NO_COMMON_BLOCKS = YES;
				GCC_OPTIMIZATION_LEVEL = 0;
				GCC_PREPROCESSOR_DEFINITIONS = (
					"DEBUG=1",
					"$(inherited)",
				);
				GCC_WARN_64_TO_32_BIT_CONVERSION = YES;
				GCC_WARN_ABOUT_RETURN_TYPE = YES_ERROR;
				GCC_WARN_UNDECLARED_SELECTOR = YES;
				GCC_WARN_UNINITIALIZED_AUTOS = YES_AGGRESSIVE;
				GCC_WARN_UNUSED_FUNCTION = YES;
				GCC_WARN_UNUSED_VARIABLE = YES;
				IPHONEOS_DEPLOYMENT_TARGET = 17.5;
				LOCALIZATION_PREFERS_STRING_CATALOGS = YES;
				MTL_ENABLE_DEBUG_INFO = INCLUDE_SOURCE;
				MTL_FAST_MATH = YES;
				ONLY_ACTIVE_ARCH = YES;
				SDKROOT = iphoneos;
				SWIFT_ACTIVE_COMPILATION_CONDITIONS = "DEBUG $(inherited)";
				SWIFT_OPTIMIZATION_LEVEL = "-Onone";
			};
			name = Debug;
		};
		BD0F473C2C73474C007B8F0B /* Release */ = {
			isa = XCBuildConfiguration;
			buildSettings = {
				ALWAYS_SEARCH_USER_PATHS = NO;
				ASSETCATALOG_COMPILER_GENERATE_SWIFT_ASSET_SYMBOL_EXTENSIONS = YES;
				CLANG_ANALYZER_NONNULL = YES;
				CLANG_ANALYZER_NUMBER_OBJECT_CONVERSION = YES_AGGRESSIVE;
				CLANG_CXX_LANGUAGE_STANDARD = "gnu++20";
				CLANG_ENABLE_MODULES = YES;
				CLANG_ENABLE_OBJC_ARC = YES;
				CLANG_ENABLE_OBJC_WEAK = YES;
				CLANG_WARN_BLOCK_CAPTURE_AUTORELEASING = YES;
				CLANG_WARN_BOOL_CONVERSION = YES;
				CLANG_WARN_COMMA = YES;
				CLANG_WARN_CONSTANT_CONVERSION = YES;
				CLANG_WARN_DEPRECATED_OBJC_IMPLEMENTATIONS = YES;
				CLANG_WARN_DIRECT_OBJC_ISA_USAGE = YES_ERROR;
				CLANG_WARN_DOCUMENTATION_COMMENTS = YES;
				CLANG_WARN_EMPTY_BODY = YES;
				CLANG_WARN_ENUM_CONVERSION = YES;
				CLANG_WARN_INFINITE_RECURSION = YES;
				CLANG_WARN_INT_CONVERSION = YES;
				CLANG_WARN_NON_LITERAL_NULL_CONVERSION = YES;
				CLANG_WARN_OBJC_IMPLICIT_RETAIN_SELF = YES;
				CLANG_WARN_OBJC_LITERAL_CONVERSION = YES;
				CLANG_WARN_OBJC_ROOT_CLASS = YES_ERROR;
				CLANG_WARN_QUOTED_INCLUDE_IN_FRAMEWORK_HEADER = YES;
				CLANG_WARN_RANGE_LOOP_ANALYSIS = YES;
				CLANG_WARN_STRICT_PROTOTYPES = YES;
				CLANG_WARN_SUSPICIOUS_MOVE = YES;
				CLANG_WARN_UNGUARDED_AVAILABILITY = YES_AGGRESSIVE;
				CLANG_WARN_UNREACHABLE_CODE = YES;
				CLANG_WARN__DUPLICATE_METHOD_MATCH = YES;
				COPY_PHASE_STRIP = NO;
				DEBUG_INFORMATION_FORMAT = "dwarf-with-dsym";
				ENABLE_NS_ASSERTIONS = NO;
				ENABLE_STRICT_OBJC_MSGSEND = YES;
				ENABLE_USER_SCRIPT_SANDBOXING = YES;
				GCC_C_LANGUAGE_STANDARD = gnu17;
				GCC_NO_COMMON_BLOCKS = YES;
				GCC_WARN_64_TO_32_BIT_CONVERSION = YES;
				GCC_WARN_ABOUT_RETURN_TYPE = YES_ERROR;
				GCC_WARN_UNDECLARED_SELECTOR = YES;
				GCC_WARN_UNINITIALIZED_AUTOS = YES_AGGRESSIVE;
				GCC_WARN_UNUSED_FUNCTION = YES;
				GCC_WARN_UNUSED_VARIABLE = YES;
				IPHONEOS_DEPLOYMENT_TARGET = 17.5;
				LOCALIZATION_PREFERS_STRING_CATALOGS = YES;
				MTL_ENABLE_DEBUG_INFO = NO;
				MTL_FAST_MATH = YES;
				SDKROOT = iphoneos;
				SWIFT_COMPILATION_MODE = wholemodule;
				VALIDATE_PRODUCT = YES;
			};
			name = Release;
		};
		BD0F473E2C73474C007B8F0B /* Debug */ = {
			isa = XCBuildConfiguration;
			buildSettings = {
				ASSETCATALOG_COMPILER_APPICON_NAME = AppIcon;
				ASSETCATALOG_COMPILER_GLOBAL_ACCENT_COLOR_NAME = AccentColor;
				CODE_SIGN_STYLE = Automatic;
				CURRENT_PROJECT_VERSION = 1;
				DEVELOPMENT_ASSET_PATHS = "\"MapApp/Preview Content\"";
				DEVELOPMENT_TEAM = 8U3A9S3C64;
				ENABLE_PREVIEWS = YES;
				GENERATE_INFOPLIST_FILE = YES;
				INFOPLIST_FILE = MapApp/Info.plist;
				INFOPLIST_KEY_CFBundleDisplayName = "My Locations";
				INFOPLIST_KEY_UIApplicationSceneManifest_Generation = YES;
				INFOPLIST_KEY_UIApplicationSupportsIndirectInputEvents = YES;
				INFOPLIST_KEY_UISupportedInterfaceOrientations = UIInterfaceOrientationPortrait;
				INFOPLIST_KEY_UISupportedInterfaceOrientations_iPad = "UIInterfaceOrientationLandscapeLeft UIInterfaceOrientationLandscapeRight UIInterfaceOrientationPortrait UIInterfaceOrientationPortraitUpsideDown";
				LD_RUNPATH_SEARCH_PATHS = (
					"$(inherited)",
					"@executable_path/Frameworks",
				);
				MARKETING_VERSION = 1.0;
				PRODUCT_BUNDLE_IDENTIFIER = test.MapApp;
				PRODUCT_NAME = "$(TARGET_NAME)";
				SWIFT_EMIT_LOC_STRINGS = YES;
				SWIFT_VERSION = 5.0;
				TARGETED_DEVICE_FAMILY = "1,2";
			};
			name = Debug;
		};
		BD0F473F2C73474C007B8F0B /* Release */ = {
			isa = XCBuildConfiguration;
			buildSettings = {
				ASSETCATALOG_COMPILER_APPICON_NAME = AppIcon;
				ASSETCATALOG_COMPILER_GLOBAL_ACCENT_COLOR_NAME = AccentColor;
				CODE_SIGN_STYLE = Automatic;
				CURRENT_PROJECT_VERSION = 1;
				DEVELOPMENT_ASSET_PATHS = "\"MapApp/Preview Content\"";
				DEVELOPMENT_TEAM = 8U3A9S3C64;
				ENABLE_PREVIEWS = YES;
				GENERATE_INFOPLIST_FILE = YES;
				INFOPLIST_FILE = MapApp/Info.plist;
				INFOPLIST_KEY_CFBundleDisplayName = "My Locations";
				INFOPLIST_KEY_UIApplicationSceneManifest_Generation = YES;
				INFOPLIST_KEY_UIApplicationSupportsIndirectInputEvents = YES;
				INFOPLIST_KEY_UISupportedInterfaceOrientations = UIInterfaceOrientationPortrait;
				INFOPLIST_KEY_UISupportedInterfaceOrientations_iPad = "UIInterfaceOrientationLandscapeLeft UIInterfaceOrientationLandscapeRight UIInterfaceOrientationPortrait UIInterfaceOrientationPortraitUpsideDown";
				LD_RUNPATH_SEARCH_PATHS = (
					"$(inherited)",
					"@executable_path/Frameworks",
				);
				MARKETING_VERSION = 1.0;
				PRODUCT_BUNDLE_IDENTIFIER = test.MapApp;
				PRODUCT_NAME = "$(TARGET_NAME)";
				SWIFT_EMIT_LOC_STRINGS = YES;
				SWIFT_VERSION = 5.0;
				TARGETED_DEVICE_FAMILY = "1,2";
			};
			name = Release;
		};
		FC5B5D482DC4CE8D00A26FFF /* Debug */ = {
			isa = XCBuildConfiguration;
			buildSettings = {
				BUNDLE_LOADER = "$(TEST_HOST)";
				CODE_SIGN_STYLE = Automatic;
				CURRENT_PROJECT_VERSION = 1;
				DEVELOPMENT_TEAM = 3N5GS86L85;
				GENERATE_INFOPLIST_FILE = YES;
				IPHONEOS_DEPLOYMENT_TARGET = 18.2;
				MARKETING_VERSION = 1.0;
				PRODUCT_BUNDLE_IDENTIFIER = test.MapAppTests;
				PRODUCT_NAME = "$(TARGET_NAME)";
				SWIFT_EMIT_LOC_STRINGS = NO;
				SWIFT_VERSION = 5.0;
				TARGETED_DEVICE_FAMILY = "1,2";
				TEST_HOST = "$(BUILT_PRODUCTS_DIR)/MapApp.app/$(BUNDLE_EXECUTABLE_FOLDER_PATH)/MapApp";
			};
			name = Debug;
		};
		FC5B5D492DC4CE8D00A26FFF /* Release */ = {
			isa = XCBuildConfiguration;
			buildSettings = {
				BUNDLE_LOADER = "$(TEST_HOST)";
				CODE_SIGN_STYLE = Automatic;
				CURRENT_PROJECT_VERSION = 1;
				DEVELOPMENT_TEAM = 3N5GS86L85;
				GENERATE_INFOPLIST_FILE = YES;
				IPHONEOS_DEPLOYMENT_TARGET = 18.2;
				MARKETING_VERSION = 1.0;
				PRODUCT_BUNDLE_IDENTIFIER = test.MapAppTests;
				PRODUCT_NAME = "$(TARGET_NAME)";
				SWIFT_EMIT_LOC_STRINGS = NO;
				SWIFT_VERSION = 5.0;
				TARGETED_DEVICE_FAMILY = "1,2";
				TEST_HOST = "$(BUILT_PRODUCTS_DIR)/MapApp.app/$(BUNDLE_EXECUTABLE_FOLDER_PATH)/MapApp";
			};
			name = Release;
		};
/* End XCBuildConfiguration section */

/* Begin XCConfigurationList section */
		BD0F472A2C73474B007B8F0B /* Build configuration list for PBXProject "MapApp" */ = {
			isa = XCConfigurationList;
			buildConfigurations = (
				BD0F473B2C73474C007B8F0B /* Debug */,
				BD0F473C2C73474C007B8F0B /* Release */,
			);
			defaultConfigurationIsVisible = 0;
			defaultConfigurationName = Release;
		};
		BD0F473D2C73474C007B8F0B /* Build configuration list for PBXNativeTarget "MapApp" */ = {
			isa = XCConfigurationList;
			buildConfigurations = (
				BD0F473E2C73474C007B8F0B /* Debug */,
				BD0F473F2C73474C007B8F0B /* Release */,
			);
			defaultConfigurationIsVisible = 0;
			defaultConfigurationName = Release;
		};
		FC5B5D472DC4CE8D00A26FFF /* Build configuration list for PBXNativeTarget "MapAppTests" */ = {
			isa = XCConfigurationList;
			buildConfigurations = (
				FC5B5D482DC4CE8D00A26FFF /* Debug */,
				FC5B5D492DC4CE8D00A26FFF /* Release */,
			);
			defaultConfigurationIsVisible = 0;
			defaultConfigurationName = Release;
		};
/* End XCConfigurationList section */

/* Begin XCLocalSwiftPackageReference section */
		FC4FE31C2DC49E7A004DE234 /* XCLocalSwiftPackageReference "../../Desktop/Projects/LocationsServiceKit" */ = {
			isa = XCLocalSwiftPackageReference;
			relativePath = ../../Desktop/Projects/LocationsServiceKit;
		};
/* End XCLocalSwiftPackageReference section */

/* Begin XCRemoteSwiftPackageReference section */
		FC4FE3142DC3A2E3004DE234 /* XCRemoteSwiftPackageReference "Alamofire" */ = {
			isa = XCRemoteSwiftPackageReference;
			repositoryURL = "https://github.com/Alamofire/Alamofire.git";
			requirement = {
				kind = upToNextMajorVersion;
				minimumVersion = 5.10.2;
			};
		};
/* End XCRemoteSwiftPackageReference section */

/* Begin XCSwiftPackageProductDependency section */
		FC4FE3152DC3A2E3004DE234 /* Alamofire */ = {
			isa = XCSwiftPackageProductDependency;
			package = FC4FE3142DC3A2E3004DE234 /* XCRemoteSwiftPackageReference "Alamofire" */;
			productName = Alamofire;
		};
		FC8306352DDB0BA700139A70 /* LocationsServiceImplementation */ = {
			isa = XCSwiftPackageProductDependency;
			package = FC4FE31C2DC49E7A004DE234 /* XCLocalSwiftPackageReference "../../Desktop/Projects/LocationsServiceKit" */;
			productName = LocationsServiceImplementation;
		};
		FC8306372DDB0BAA00139A70 /* LocationsServiceInterface */ = {
			isa = XCSwiftPackageProductDependency;
			package = FC4FE31C2DC49E7A004DE234 /* XCLocalSwiftPackageReference "../../Desktop/Projects/LocationsServiceKit" */;
			productName = LocationsServiceInterface;
		};
/* End XCSwiftPackageProductDependency section */
	};
	rootObject = BD0F47272C73474B007B8F0B /* Project object */;
}
